
Microsoft Visual Studio Solution File, Format Version 12.00
# Visual Studio Version 17
VisualStudioVersion = 17.9.34701.34
MinimumVisualStudioVersion = 10.0.40219.1
Project("{9A19103F-16F7-4668-BE54-9A1E7A4F7556}") = "ClothingDesigner", "ClothingDesigner\ClothingDesigner.csproj", "{916B0EBE-18BE-4167-8CA1-C76CDE298798}"
EndProject
Global
	GlobalSection(SolutionConfigurationPlatforms) = preSolution
		Debug|Any CPU = Debug|Any CPU
		Release|Any CPU = Release|Any CPU
	EndGlobalSection
	GlobalSection(ProjectConfigurationPlatforms) = postSolution
		{916B0EBE-18BE-4167-8CA1-C76CDE298798}.Debug|Any CPU.ActiveCfg = Debug|Any CPU
		{916B0EBE-18BE-4167-8CA1-C76CDE298798}.Debug|Any CPU.Build.0 = Debug|Any CPU
		{916B0EBE-18BE-4167-8CA1-C76CDE298798}.Release|Any CPU.ActiveCfg = Release|Any CPU
		{916B0EBE-18BE-4167-8CA1-C76CDE298798}.Release|Any CPU.Build.0 = Release|Any CPU
	EndGlobalSection
	GlobalSection(SolutionProperties) = preSolution
		HideSolutionNode = FALSE
	EndGlobalSection
	GlobalSection(ExtensibilityGlobals) = postSolution
		SolutionGuid = {24DE154D-5D44-4E50-A67D-C5E30B1CD13A}
	EndGlobalSection
EndGlobal
